// !$*UTF8*$!
{
	archiveVersion = 1;
	classes = {
	};
	objectVersion = 56;
	objects = {

/* Begin PBXBuildFile section */
		823400482CCC470F00D33B70 /* CustomSegmentedControl.swift in Sources */ = {isa = PBXBuildFile; fileRef = 823400472CCC470F00D33B70 /* CustomSegmentedControl.swift */; };
		8234004B2CCC52ED00D33B70 /* UIImageExtension.swift in Sources */ = {isa = PBXBuildFile; fileRef = 8234004A2CCC52E800D33B70 /* UIImageExtension.swift */; };
		8234004D2CCC66BF00D33B70 /* ScheduleViewController.swift in Sources */ = {isa = PBXBuildFile; fileRef = 8234004C2CCC66BF00D33B70 /* ScheduleViewController.swift */; };
		8234004F2CCC66D800D33B70 /* SchedulePresenter.swift in Sources */ = {isa = PBXBuildFile; fileRef = 8234004E2CCC66CF00D33B70 /* SchedulePresenter.swift */; };
		823AE74B2CCA3D4D00754161 /* AppDelegate.swift in Sources */ = {isa = PBXBuildFile; fileRef = 823AE74A2CCA3D4D00754161 /* AppDelegate.swift */; };
		823AE74D2CCA3D4D00754161 /* SceneDelegate.swift in Sources */ = {isa = PBXBuildFile; fileRef = 823AE74C2CCA3D4D00754161 /* SceneDelegate.swift */; };
		823AE74F2CCA3D4D00754161 /* MainViewController.swift in Sources */ = {isa = PBXBuildFile; fileRef = 823AE74E2CCA3D4D00754161 /* MainViewController.swift */; };
		823AE7572CCA3D5000754161 /* Base in Resources */ = {isa = PBXBuildFile; fileRef = 823AE7562CCA3D5000754161 /* Base */; };
		823AE7612CCA3E1900754161 /* .gitignore in Resources */ = {isa = PBXBuildFile; fileRef = 823AE7602CCA3E1900754161 /* .gitignore */; };
		823B33D52CCCFEE70005DF41 /* NetworkManager.swift in Sources */ = {isa = PBXBuildFile; fileRef = 823B33D42CCCFEE10005DF41 /* NetworkManager.swift */; };
		823B33D82CCD1D8F0005DF41 /* RouteInfoCell.swift in Sources */ = {isa = PBXBuildFile; fileRef = 823B33D72CCD1D8F0005DF41 /* RouteInfoCell.swift */; };
		823B33DA2CCD6A9E0005DF41 /* Assets.xcassets in Resources */ = {isa = PBXBuildFile; fileRef = 823B33D92CCD6A9E0005DF41 /* Assets.xcassets */; };
		823D21A12CCE3E5400D79481 /* YandexScheduleAPIEndPoint.swift in Sources */ = {isa = PBXBuildFile; fileRef = 823D21A02CCE3E4B00D79481 /* YandexScheduleAPIEndPoint.swift */; };
		823D21A42CCE3E8700D79481 /* CityCodesResponse.swift in Sources */ = {isa = PBXBuildFile; fileRef = 823D21A32CCE3E7C00D79481 /* CityCodesResponse.swift */; };
		823D21A62CCE3ED100D79481 /* ScheduleResponse.swift in Sources */ = {isa = PBXBuildFile; fileRef = 823D21A52CCE3E8A00D79481 /* ScheduleResponse.swift */; };
		823D21A82CCE3EE800D79481 /* NetworkRouter.swift in Sources */ = {isa = PBXBuildFile; fileRef = 823D21A72CCE3EE500D79481 /* NetworkRouter.swift */; };
		823D21AA2CCE3EEF00D79481 /* EndPointType.swift in Sources */ = {isa = PBXBuildFile; fileRef = 823D21A92CCE3EEB00D79481 /* EndPointType.swift */; };
		823D21B02CCE3FA400D79481 /* NetworkError.swift in Sources */ = {isa = PBXBuildFile; fileRef = 823D21AF2CCE3FA000D79481 /* NetworkError.swift */; };
		823D21B52CCE41D800D79481 /* RouteInfo.swift in Sources */ = {isa = PBXBuildFile; fileRef = 823D21B42CCE41CF00D79481 /* RouteInfo.swift */; };
		823D21B82CCE426700D79481 /* Transport.swift in Sources */ = {isa = PBXBuildFile; fileRef = 823D21B72CCE426200D79481 /* Transport.swift */; };
		823D21BA2CCE8AE900D79481 /* InputError.swift in Sources */ = {isa = PBXBuildFile; fileRef = 823D21B92CCE8AE500D79481 /* InputError.swift */; };
		823D21BD2CCE8E4900D79481 /* RideInfo.swift in Sources */ = {isa = PBXBuildFile; fileRef = 823D21BC2CCE8E2200D79481 /* RideInfo.swift */; };
		82B04A372CCA539A008CD974 /* Router.swift in Sources */ = {isa = PBXBuildFile; fileRef = 82B04A362CCA5398008CD974 /* Router.swift */; };
		82B04A392CCA53F5008CD974 /* Assembly.swift in Sources */ = {isa = PBXBuildFile; fileRef = 82B04A382CCA53F5008CD974 /* Assembly.swift */; };
		82B04A3C2CCA57CC008CD974 /* MainPresenter.swift in Sources */ = {isa = PBXBuildFile; fileRef = 82B04A3B2CCA57C9008CD974 /* MainPresenter.swift */; };
		82B879322CDEA3CA00E2AB5E /* SuggestedTableViewController.swift in Sources */ = {isa = PBXBuildFile; fileRef = 82B879312CDEA3CA00E2AB5E /* SuggestedTableViewController.swift */; };
/* End PBXBuildFile section */

/* Begin PBXFileReference section */
		822CAF9D2CDAD1EC001F8A5C /* en */ = {isa = PBXFileReference; lastKnownFileType = text.plist.strings; name = en; path = en.lproj/LaunchScreen.strings; sourceTree = "<group>"; };
		823400472CCC470F00D33B70 /* CustomSegmentedControl.swift */ = {isa = PBXFileReference; lastKnownFileType = sourcecode.swift; path = CustomSegmentedControl.swift; sourceTree = "<group>"; };
		8234004A2CCC52E800D33B70 /* UIImageExtension.swift */ = {isa = PBXFileReference; lastKnownFileType = sourcecode.swift; path = UIImageExtension.swift; sourceTree = "<group>"; };
		8234004C2CCC66BF00D33B70 /* ScheduleViewController.swift */ = {isa = PBXFileReference; lastKnownFileType = sourcecode.swift; path = ScheduleViewController.swift; sourceTree = "<group>"; };
		8234004E2CCC66CF00D33B70 /* SchedulePresenter.swift */ = {isa = PBXFileReference; lastKnownFileType = sourcecode.swift; path = SchedulePresenter.swift; sourceTree = "<group>"; };
		823AE7472CCA3D4D00754161 /* TransportSchedule.app */ = {isa = PBXFileReference; explicitFileType = wrapper.application; includeInIndex = 0; path = TransportSchedule.app; sourceTree = BUILT_PRODUCTS_DIR; };
		823AE74A2CCA3D4D00754161 /* AppDelegate.swift */ = {isa = PBXFileReference; lastKnownFileType = sourcecode.swift; path = AppDelegate.swift; sourceTree = "<group>"; };
		823AE74C2CCA3D4D00754161 /* SceneDelegate.swift */ = {isa = PBXFileReference; lastKnownFileType = sourcecode.swift; path = SceneDelegate.swift; sourceTree = "<group>"; };
		823AE74E2CCA3D4D00754161 /* MainViewController.swift */ = {isa = PBXFileReference; lastKnownFileType = sourcecode.swift; path = MainViewController.swift; sourceTree = "<group>"; };
		823AE7562CCA3D5000754161 /* Base */ = {isa = PBXFileReference; lastKnownFileType = file.storyboard; name = Base; path = Base.lproj/LaunchScreen.storyboard; sourceTree = "<group>"; };
		823AE7582CCA3D5000754161 /* Info.plist */ = {isa = PBXFileReference; lastKnownFileType = text.plist.xml; path = Info.plist; sourceTree = "<group>"; };
		823AE7602CCA3E1900754161 /* .gitignore */ = {isa = PBXFileReference; lastKnownFileType = text; path = .gitignore; sourceTree = "<group>"; };
		823B33D42CCCFEE10005DF41 /* NetworkManager.swift */ = {isa = PBXFileReference; lastKnownFileType = sourcecode.swift; path = NetworkManager.swift; sourceTree = "<group>"; };
		823B33D72CCD1D8F0005DF41 /* RouteInfoCell.swift */ = {isa = PBXFileReference; lastKnownFileType = sourcecode.swift; path = RouteInfoCell.swift; sourceTree = "<group>"; };
		823B33D92CCD6A9E0005DF41 /* Assets.xcassets */ = {isa = PBXFileReference; lastKnownFileType = folder.assetcatalog; path = Assets.xcassets; sourceTree = "<group>"; };
		823D21A02CCE3E4B00D79481 /* YandexScheduleAPIEndPoint.swift */ = {isa = PBXFileReference; lastKnownFileType = sourcecode.swift; path = YandexScheduleAPIEndPoint.swift; sourceTree = "<group>"; };
		823D21A32CCE3E7C00D79481 /* CityCodesResponse.swift */ = {isa = PBXFileReference; lastKnownFileType = sourcecode.swift; path = CityCodesResponse.swift; sourceTree = "<group>"; };
		823D21A52CCE3E8A00D79481 /* ScheduleResponse.swift */ = {isa = PBXFileReference; lastKnownFileType = sourcecode.swift; path = ScheduleResponse.swift; sourceTree = "<group>"; };
		823D21A72CCE3EE500D79481 /* NetworkRouter.swift */ = {isa = PBXFileReference; lastKnownFileType = sourcecode.swift; path = NetworkRouter.swift; sourceTree = "<group>"; };
		823D21A92CCE3EEB00D79481 /* EndPointType.swift */ = {isa = PBXFileReference; lastKnownFileType = sourcecode.swift; path = EndPointType.swift; sourceTree = "<group>"; };
		823D21AF2CCE3FA000D79481 /* NetworkError.swift */ = {isa = PBXFileReference; lastKnownFileType = sourcecode.swift; path = NetworkError.swift; sourceTree = "<group>"; };
		823D21B42CCE41CF00D79481 /* RouteInfo.swift */ = {isa = PBXFileReference; lastKnownFileType = sourcecode.swift; path = RouteInfo.swift; sourceTree = "<group>"; };
		823D21B72CCE426200D79481 /* Transport.swift */ = {isa = PBXFileReference; lastKnownFileType = sourcecode.swift; path = Transport.swift; sourceTree = "<group>"; };
		823D21B92CCE8AE500D79481 /* InputError.swift */ = {isa = PBXFileReference; lastKnownFileType = sourcecode.swift; path = InputError.swift; sourceTree = "<group>"; };
		823D21BC2CCE8E2200D79481 /* RideInfo.swift */ = {isa = PBXFileReference; lastKnownFileType = sourcecode.swift; path = RideInfo.swift; sourceTree = "<group>"; };
		82B04A362CCA5398008CD974 /* Router.swift */ = {isa = PBXFileReference; lastKnownFileType = sourcecode.swift; path = Router.swift; sourceTree = "<group>"; };
		82B04A382CCA53F5008CD974 /* Assembly.swift */ = {isa = PBXFileReference; lastKnownFileType = sourcecode.swift; path = Assembly.swift; sourceTree = "<group>"; };
		82B04A3B2CCA57C9008CD974 /* MainPresenter.swift */ = {isa = PBXFileReference; lastKnownFileType = sourcecode.swift; path = MainPresenter.swift; sourceTree = "<group>"; };
		82B879312CDEA3CA00E2AB5E /* SuggestedTableViewController.swift */ = {isa = PBXFileReference; lastKnownFileType = sourcecode.swift; path = SuggestedTableViewController.swift; sourceTree = "<group>"; };
/* End PBXFileReference section */

/* Begin PBXFrameworksBuildPhase section */
		823AE7442CCA3D4D00754161 /* Frameworks */ = {
			isa = PBXFrameworksBuildPhase;
			buildActionMask = 2147483647;
			files = (
			);
			runOnlyForDeploymentPostprocessing = 0;
		};
/* End PBXFrameworksBuildPhase section */

/* Begin PBXGroup section */
		823400492CCC52D200D33B70 /* Extensions */ = {
			isa = PBXGroup;
			children = (
				8234004A2CCC52E800D33B70 /* UIImageExtension.swift */,
			);
			path = Extensions;
			sourceTree = "<group>";
		};
		823AE73E2CCA3D4D00754161 = {
			isa = PBXGroup;
			children = (
				823AE7602CCA3E1900754161 /* .gitignore */,
				823AE7492CCA3D4D00754161 /* TransportSchedule */,
				823AE7482CCA3D4D00754161 /* Products */,
			);
			sourceTree = "<group>";
		};
		823AE7482CCA3D4D00754161 /* Products */ = {
			isa = PBXGroup;
			children = (
				823AE7472CCA3D4D00754161 /* TransportSchedule.app */,
			);
			name = Products;
			sourceTree = "<group>";
		};
		823AE7492CCA3D4D00754161 /* TransportSchedule */ = {
			isa = PBXGroup;
			children = (
				823AE74A2CCA3D4D00754161 /* AppDelegate.swift */,
				823AE74C2CCA3D4D00754161 /* SceneDelegate.swift */,
				82B04A382CCA53F5008CD974 /* Assembly.swift */,
				82B04A362CCA5398008CD974 /* Router.swift */,
				823B33D62CCCFEEA0005DF41 /* NetworkLayer */,
				82B04A3D2CCA6407008CD974 /* Modules */,
				823D21AE2CCE3F9B00D79481 /* Errors */,
				823B33DB2CCD9D070005DF41 /* Other */,
				823B33D92CCD6A9E0005DF41 /* Assets.xcassets */,
				823AE7552CCA3D5000754161 /* LaunchScreen.storyboard */,
				823AE7582CCA3D5000754161 /* Info.plist */,
			);
			path = TransportSchedule;
			sourceTree = "<group>";
		};
		823B33D62CCCFEEA0005DF41 /* NetworkLayer */ = {
			isa = PBXGroup;
			children = (
				823B33D42CCCFEE10005DF41 /* NetworkManager.swift */,
				823D219E2CCE3E1200D79481 /* YandexScheduleAPI */,
			);
			path = NetworkLayer;
			sourceTree = "<group>";
		};
		823B33DB2CCD9D070005DF41 /* Other */ = {
			isa = PBXGroup;
			children = (
				823400492CCC52D200D33B70 /* Extensions */,
			);
			path = Other;
			sourceTree = "<group>";
		};
		823D219E2CCE3E1200D79481 /* YandexScheduleAPI */ = {
			isa = PBXGroup;
			children = (
				823D21A02CCE3E4B00D79481 /* YandexScheduleAPIEndPoint.swift */,
				823D21A22CCE3E7200D79481 /* Response */,
				823D21A72CCE3EE500D79481 /* NetworkRouter.swift */,
				823D21A92CCE3EEB00D79481 /* EndPointType.swift */,
			);
			path = YandexScheduleAPI;
			sourceTree = "<group>";
		};
		823D21A22CCE3E7200D79481 /* Response */ = {
			isa = PBXGroup;
			children = (
				823D21A32CCE3E7C00D79481 /* CityCodesResponse.swift */,
				823D21A52CCE3E8A00D79481 /* ScheduleResponse.swift */,
			);
			path = Response;
			sourceTree = "<group>";
		};
		823D21AE2CCE3F9B00D79481 /* Errors */ = {
			isa = PBXGroup;
			children = (
				823D21AF2CCE3FA000D79481 /* NetworkError.swift */,
				823D21B92CCE8AE500D79481 /* InputError.swift */,
			);
			path = Errors;
			sourceTree = "<group>";
		};
		823D21B32CCE41CA00D79481 /* Model */ = {
			isa = PBXGroup;
			children = (
				823D21B42CCE41CF00D79481 /* RouteInfo.swift */,
			);
			path = Model;
			sourceTree = "<group>";
		};
		823D21B62CCE423E00D79481 /* CommonModel */ = {
			isa = PBXGroup;
			children = (
				823D21B72CCE426200D79481 /* Transport.swift */,
			);
			path = CommonModel;
			sourceTree = "<group>";
		};
		823D21BB2CCE8E1D00D79481 /* Model */ = {
			isa = PBXGroup;
			children = (
				823D21BC2CCE8E2200D79481 /* RideInfo.swift */,
			);
			path = Model;
			sourceTree = "<group>";
		};
		82B04A3A2CCA57C0008CD974 /* MainModule */ = {
			isa = PBXGroup;
			children = (
				823D21B32CCE41CA00D79481 /* Model */,
				82B04A3E2CCA6410008CD974 /* View */,
				82B04A3F2CCA6413008CD974 /* Presenter */,
			);
			path = MainModule;
			sourceTree = "<group>";
		};
		82B04A3D2CCA6407008CD974 /* Modules */ = {
			isa = PBXGroup;
			children = (
				82B04A3A2CCA57C0008CD974 /* MainModule */,
				82B04A402CCA642D008CD974 /* ScheduleModule */,
				823D21B62CCE423E00D79481 /* CommonModel */,
			);
			path = Modules;
			sourceTree = "<group>";
		};
		82B04A3E2CCA6410008CD974 /* View */ = {
			isa = PBXGroup;
			children = (
				823AE74E2CCA3D4D00754161 /* MainViewController.swift */,
				82B879312CDEA3CA00E2AB5E /* SuggestedTableViewController.swift */,
				823400472CCC470F00D33B70 /* CustomSegmentedControl.swift */,
			);
			path = View;
			sourceTree = "<group>";
		};
		82B04A3F2CCA6413008CD974 /* Presenter */ = {
			isa = PBXGroup;
			children = (
				82B04A3B2CCA57C9008CD974 /* MainPresenter.swift */,
			);
			path = Presenter;
			sourceTree = "<group>";
		};
		82B04A402CCA642D008CD974 /* ScheduleModule */ = {
			isa = PBXGroup;
			children = (
				823D21BB2CCE8E1D00D79481 /* Model */,
				82B04A412CCA643C008CD974 /* View */,
				82B04A422CCA6440008CD974 /* Presenter */,
			);
			path = ScheduleModule;
			sourceTree = "<group>";
		};
		82B04A412CCA643C008CD974 /* View */ = {
			isa = PBXGroup;
			children = (
				8234004C2CCC66BF00D33B70 /* ScheduleViewController.swift */,
				823B33D72CCD1D8F0005DF41 /* RouteInfoCell.swift */,
			);
			path = View;
			sourceTree = "<group>";
		};
		82B04A422CCA6440008CD974 /* Presenter */ = {
			isa = PBXGroup;
			children = (
				8234004E2CCC66CF00D33B70 /* SchedulePresenter.swift */,
			);
			path = Presenter;
			sourceTree = "<group>";
		};
/* End PBXGroup section */

/* Begin PBXNativeTarget section */
		823AE7462CCA3D4D00754161 /* TransportSchedule */ = {
			isa = PBXNativeTarget;
			buildConfigurationList = 823AE75B2CCA3D5000754161 /* Build configuration list for PBXNativeTarget "TransportSchedule" */;
			buildPhases = (
				823AE7432CCA3D4D00754161 /* Sources */,
				823AE7442CCA3D4D00754161 /* Frameworks */,
				823AE7452CCA3D4D00754161 /* Resources */,
			);
			buildRules = (
			);
			dependencies = (
			);
			name = TransportSchedule;
			productName = TransportSchedule;
			productReference = 823AE7472CCA3D4D00754161 /* TransportSchedule.app */;
			productType = "com.apple.product-type.application";
		};
/* End PBXNativeTarget section */

/* Begin PBXProject section */
		823AE73F2CCA3D4D00754161 /* Project object */ = {
			isa = PBXProject;
			attributes = {
				BuildIndependentTargetsInParallel = 1;
				LastSwiftUpdateCheck = 1540;
				LastUpgradeCheck = 1540;
				TargetAttributes = {
					823AE7462CCA3D4D00754161 = {
						CreatedOnToolsVersion = 15.4;
					};
				};
			};
			buildConfigurationList = 823AE7422CCA3D4D00754161 /* Build configuration list for PBXProject "TransportSchedule" */;
			compatibilityVersion = "Xcode 14.0";
			developmentRegion = en;
			hasScannedForEncodings = 0;
			knownRegions = (
				en,
				Base,
			);
			mainGroup = 823AE73E2CCA3D4D00754161;
			productRefGroup = 823AE7482CCA3D4D00754161 /* Products */;
			projectDirPath = "";
			projectRoot = "";
			targets = (
				823AE7462CCA3D4D00754161 /* TransportSchedule */,
			);
		};
/* End PBXProject section */

/* Begin PBXResourcesBuildPhase section */
		823AE7452CCA3D4D00754161 /* Resources */ = {
			isa = PBXResourcesBuildPhase;
			buildActionMask = 2147483647;
			files = (
				823AE7612CCA3E1900754161 /* .gitignore in Resources */,
				823B33DA2CCD6A9E0005DF41 /* Assets.xcassets in Resources */,
				823AE7572CCA3D5000754161 /* Base in Resources */,
			);
			runOnlyForDeploymentPostprocessing = 0;
		};
/* End PBXResourcesBuildPhase section */

/* Begin PBXSourcesBuildPhase section */
		823AE7432CCA3D4D00754161 /* Sources */ = {
			isa = PBXSourcesBuildPhase;
			buildActionMask = 2147483647;
			files = (
				823400482CCC470F00D33B70 /* CustomSegmentedControl.swift in Sources */,
				823D21BA2CCE8AE900D79481 /* InputError.swift in Sources */,
				8234004B2CCC52ED00D33B70 /* UIImageExtension.swift in Sources */,
				82B04A3C2CCA57CC008CD974 /* MainPresenter.swift in Sources */,
				8234004D2CCC66BF00D33B70 /* ScheduleViewController.swift in Sources */,
				823B33D52CCCFEE70005DF41 /* NetworkManager.swift in Sources */,
				823D21A62CCE3ED100D79481 /* ScheduleResponse.swift in Sources */,
				823B33D82CCD1D8F0005DF41 /* RouteInfoCell.swift in Sources */,
				823D21B82CCE426700D79481 /* Transport.swift in Sources */,
				823D21A42CCE3E8700D79481 /* CityCodesResponse.swift in Sources */,
				823AE74F2CCA3D4D00754161 /* MainViewController.swift in Sources */,
				823D21A82CCE3EE800D79481 /* NetworkRouter.swift in Sources */,
				82B04A392CCA53F5008CD974 /* Assembly.swift in Sources */,
				823D21BD2CCE8E4900D79481 /* RideInfo.swift in Sources */,
				82B879322CDEA3CA00E2AB5E /* SuggestedTableViewController.swift in Sources */,
				823AE74B2CCA3D4D00754161 /* AppDelegate.swift in Sources */,
				823D21B52CCE41D800D79481 /* RouteInfo.swift in Sources */,
				8234004F2CCC66D800D33B70 /* SchedulePresenter.swift in Sources */,
				823D21AA2CCE3EEF00D79481 /* EndPointType.swift in Sources */,
				82B04A372CCA539A008CD974 /* Router.swift in Sources */,
				823AE74D2CCA3D4D00754161 /* SceneDelegate.swift in Sources */,
				823D21A12CCE3E5400D79481 /* YandexScheduleAPIEndPoint.swift in Sources */,
				823D21B02CCE3FA400D79481 /* NetworkError.swift in Sources */,
			);
			runOnlyForDeploymentPostprocessing = 0;
		};
/* End PBXSourcesBuildPhase section */

/* Begin PBXVariantGroup section */
		823AE7552CCA3D5000754161 /* LaunchScreen.storyboard */ = {
			isa = PBXVariantGroup;
			children = (
				823AE7562CCA3D5000754161 /* Base */,
				822CAF9D2CDAD1EC001F8A5C /* en */,
			);
			name = LaunchScreen.storyboard;
			sourceTree = "<group>";
		};
/* End PBXVariantGroup section */

/* Begin XCBuildConfiguration section */
		823AE7592CCA3D5000754161 /* Debug */ = {
			isa = XCBuildConfiguration;
			buildSettings = {
				ALWAYS_SEARCH_USER_PATHS = NO;
				ASSETCATALOG_COMPILER_GENERATE_SWIFT_ASSET_SYMBOL_EXTENSIONS = YES;
				CLANG_ANALYZER_LOCALIZABILITY_NONLOCALIZED = YES;
				CLANG_ANALYZER_NONNULL = YES;
				CLANG_ANALYZER_NUMBER_OBJECT_CONVERSION = YES_AGGRESSIVE;
				CLANG_CXX_LANGUAGE_STANDARD = "gnu++20";
				CLANG_ENABLE_MODULES = YES;
				CLANG_ENABLE_OBJC_ARC = YES;
				CLANG_ENABLE_OBJC_WEAK = YES;
				CLANG_WARN_BLOCK_CAPTURE_AUTORELEASING = YES;
				CLANG_WARN_BOOL_CONVERSION = YES;
				CLANG_WARN_COMMA = YES;
				CLANG_WARN_CONSTANT_CONVERSION = YES;
				CLANG_WARN_DEPRECATED_OBJC_IMPLEMENTATIONS = YES;
				CLANG_WARN_DIRECT_OBJC_ISA_USAGE = YES_ERROR;
				CLANG_WARN_DOCUMENTATION_COMMENTS = YES;
				CLANG_WARN_EMPTY_BODY = YES;
				CLANG_WARN_ENUM_CONVERSION = YES;
				CLANG_WARN_INFINITE_RECURSION = YES;
				CLANG_WARN_INT_CONVERSION = YES;
				CLANG_WARN_NON_LITERAL_NULL_CONVERSION = YES;
				CLANG_WARN_OBJC_IMPLICIT_RETAIN_SELF = YES;
				CLANG_WARN_OBJC_LITERAL_CONVERSION = YES;
				CLANG_WARN_OBJC_ROOT_CLASS = YES_ERROR;
				CLANG_WARN_QUOTED_INCLUDE_IN_FRAMEWORK_HEADER = YES;
				CLANG_WARN_RANGE_LOOP_ANALYSIS = YES;
				CLANG_WARN_STRICT_PROTOTYPES = YES;
				CLANG_WARN_SUSPICIOUS_MOVE = YES;
				CLANG_WARN_UNGUARDED_AVAILABILITY = YES_AGGRESSIVE;
				CLANG_WARN_UNREACHABLE_CODE = YES;
				CLANG_WARN__DUPLICATE_METHOD_MATCH = YES;
				COPY_PHASE_STRIP = NO;
				DEBUG_INFORMATION_FORMAT = dwarf;
				ENABLE_STRICT_OBJC_MSGSEND = YES;
				ENABLE_TESTABILITY = YES;
				ENABLE_USER_SCRIPT_SANDBOXING = YES;
				GCC_C_LANGUAGE_STANDARD = gnu17;
				GCC_DYNAMIC_NO_PIC = NO;
				GCC_NO_COMMON_BLOCKS = YES;
				GCC_OPTIMIZATION_LEVEL = 0;
				GCC_PREPROCESSOR_DEFINITIONS = (
					"DEBUG=1",
					"$(inherited)",
				);
				GCC_WARN_64_TO_32_BIT_CONVERSION = YES;
				GCC_WARN_ABOUT_RETURN_TYPE = YES_ERROR;
				GCC_WARN_UNDECLARED_SELECTOR = YES;
				GCC_WARN_UNINITIALIZED_AUTOS = YES_AGGRESSIVE;
				GCC_WARN_UNUSED_FUNCTION = YES;
				GCC_WARN_UNUSED_VARIABLE = YES;
				IPHONEOS_DEPLOYMENT_TARGET = 17.5;
				LOCALIZATION_PREFERS_STRING_CATALOGS = YES;
				MTL_ENABLE_DEBUG_INFO = INCLUDE_SOURCE;
				MTL_FAST_MATH = YES;
				ONLY_ACTIVE_ARCH = YES;
				SDKROOT = iphoneos;
				SWIFT_ACTIVE_COMPILATION_CONDITIONS = "DEBUG $(inherited)";
				SWIFT_OPTIMIZATION_LEVEL = "-Onone";
			};
			name = Debug;
		};
		823AE75A2CCA3D5000754161 /* Release */ = {
			isa = XCBuildConfiguration;
			buildSettings = {
				ALWAYS_SEARCH_USER_PATHS = NO;
				ASSETCATALOG_COMPILER_GENERATE_SWIFT_ASSET_SYMBOL_EXTENSIONS = YES;
				CLANG_ANALYZER_LOCALIZABILITY_NONLOCALIZED = YES;
				CLANG_ANALYZER_NONNULL = YES;
				CLANG_ANALYZER_NUMBER_OBJECT_CONVERSION = YES_AGGRESSIVE;
				CLANG_CXX_LANGUAGE_STANDARD = "gnu++20";
				CLANG_ENABLE_MODULES = YES;
				CLANG_ENABLE_OBJC_ARC = YES;
				CLANG_ENABLE_OBJC_WEAK = YES;
				CLANG_WARN_BLOCK_CAPTURE_AUTORELEASING = YES;
				CLANG_WARN_BOOL_CONVERSION = YES;
				CLANG_WARN_COMMA = YES;
				CLANG_WARN_CONSTANT_CONVERSION = YES;
				CLANG_WARN_DEPRECATED_OBJC_IMPLEMENTATIONS = YES;
				CLANG_WARN_DIRECT_OBJC_ISA_USAGE = YES_ERROR;
				CLANG_WARN_DOCUMENTATION_COMMENTS = YES;
				CLANG_WARN_EMPTY_BODY = YES;
				CLANG_WARN_ENUM_CONVERSION = YES;
				CLANG_WARN_INFINITE_RECURSION = YES;
				CLANG_WARN_INT_CONVERSION = YES;
				CLANG_WARN_NON_LITERAL_NULL_CONVERSION = YES;
				CLANG_WARN_OBJC_IMPLICIT_RETAIN_SELF = YES;
				CLANG_WARN_OBJC_LITERAL_CONVERSION = YES;
				CLANG_WARN_OBJC_ROOT_CLASS = YES_ERROR;
				CLANG_WARN_QUOTED_INCLUDE_IN_FRAMEWORK_HEADER = YES;
				CLANG_WARN_RANGE_LOOP_ANALYSIS = YES;
				CLANG_WARN_STRICT_PROTOTYPES = YES;
				CLANG_WARN_SUSPICIOUS_MOVE = YES;
				CLANG_WARN_UNGUARDED_AVAILABILITY = YES_AGGRESSIVE;
				CLANG_WARN_UNREACHABLE_CODE = YES;
				CLANG_WARN__DUPLICATE_METHOD_MATCH = YES;
				COPY_PHASE_STRIP = NO;
				DEBUG_INFORMATION_FORMAT = "dwarf-with-dsym";
				ENABLE_NS_ASSERTIONS = NO;
				ENABLE_STRICT_OBJC_MSGSEND = YES;
				ENABLE_USER_SCRIPT_SANDBOXING = YES;
				GCC_C_LANGUAGE_STANDARD = gnu17;
				GCC_NO_COMMON_BLOCKS = YES;
				GCC_WARN_64_TO_32_BIT_CONVERSION = YES;
				GCC_WARN_ABOUT_RETURN_TYPE = YES_ERROR;
				GCC_WARN_UNDECLARED_SELECTOR = YES;
				GCC_WARN_UNINITIALIZED_AUTOS = YES_AGGRESSIVE;
				GCC_WARN_UNUSED_FUNCTION = YES;
				GCC_WARN_UNUSED_VARIABLE = YES;
				IPHONEOS_DEPLOYMENT_TARGET = 17.5;
				LOCALIZATION_PREFERS_STRING_CATALOGS = YES;
				MTL_ENABLE_DEBUG_INFO = NO;
				MTL_FAST_MATH = YES;
				SDKROOT = iphoneos;
				SWIFT_COMPILATION_MODE = wholemodule;
				VALIDATE_PRODUCT = YES;
			};
			name = Release;
		};
		823AE75C2CCA3D5000754161 /* Debug */ = {
			isa = XCBuildConfiguration;
			buildSettings = {
				ASSETCATALOG_COMPILER_APPICON_NAME = AppIcon;
				ASSETCATALOG_COMPILER_GLOBAL_ACCENT_COLOR_NAME = AccentColor;
				CODE_SIGN_STYLE = Automatic;
				CURRENT_PROJECT_VERSION = 1;
				DEVELOPMENT_TEAM = BMJF63URC7;
				GENERATE_INFOPLIST_FILE = YES;
				INFOPLIST_FILE = TransportSchedule/Info.plist;
				INFOPLIST_KEY_UIApplicationSupportsIndirectInputEvents = YES;
				INFOPLIST_KEY_UILaunchStoryboardName = LaunchScreen;
				INFOPLIST_KEY_UISupportedInterfaceOrientations = UIInterfaceOrientationPortrait;
				INFOPLIST_KEY_UISupportedInterfaceOrientations_iPad = "UIInterfaceOrientationLandscapeLeft UIInterfaceOrientationLandscapeRight UIInterfaceOrientationPortrait UIInterfaceOrientationPortraitUpsideDown";
				LD_RUNPATH_SEARCH_PATHS = (
					"$(inherited)",
					"@executable_path/Frameworks",
				);
				MARKETING_VERSION = 1.0;
				PRODUCT_BUNDLE_IDENTIFIER = studying.TransportSchedule;
				PRODUCT_NAME = "$(TARGET_NAME)";
				SUPPORTED_PLATFORMS = "iphoneos iphonesimulator";
				SUPPORTS_MACCATALYST = NO;
				SUPPORTS_MAC_DESIGNED_FOR_IPHONE_IPAD = NO;
				SUPPORTS_XR_DESIGNED_FOR_IPHONE_IPAD = NO;
				SWIFT_EMIT_LOC_STRINGS = YES;
				SWIFT_VERSION = 5.0;
				TARGETED_DEVICE_FAMILY = 1;
			};
			name = Debug;
		};
		823AE75D2CCA3D5000754161 /* Release */ = {
			isa = XCBuildConfiguration;
			buildSettings = {
				ASSETCATALOG_COMPILER_APPICON_NAME = AppIcon;
				ASSETCATALOG_COMPILER_GLOBAL_ACCENT_COLOR_NAME = AccentColor;
				CODE_SIGN_STYLE = Automatic;
				CURRENT_PROJECT_VERSION = 1;
				DEVELOPMENT_TEAM = BMJF63URC7;
				GENERATE_INFOPLIST_FILE = YES;
				INFOPLIST_FILE = TransportSchedule/Info.plist;
				INFOPLIST_KEY_UIApplicationSupportsIndirectInputEvents = YES;
				INFOPLIST_KEY_UILaunchStoryboardName = LaunchScreen;
				INFOPLIST_KEY_UISupportedInterfaceOrientations = UIInterfaceOrientationPortrait;
				INFOPLIST_KEY_UISupportedInterfaceOrientations_iPad = "UIInterfaceOrientationLandscapeLeft UIInterfaceOrientationLandscapeRight UIInterfaceOrientationPortrait UIInterfaceOrientationPortraitUpsideDown";
				LD_RUNPATH_SEARCH_PATHS = (
					"$(inherited)",
					"@executable_path/Frameworks",
				);
				MARKETING_VERSION = 1.0;
				PRODUCT_BUNDLE_IDENTIFIER = studying.TransportSchedule;
				PRODUCT_NAME = "$(TARGET_NAME)";
				SUPPORTED_PLATFORMS = "iphoneos iphonesimulator";
				SUPPORTS_MACCATALYST = NO;
				SUPPORTS_MAC_DESIGNED_FOR_IPHONE_IPAD = NO;
				SUPPORTS_XR_DESIGNED_FOR_IPHONE_IPAD = NO;
				SWIFT_EMIT_LOC_STRINGS = YES;
				SWIFT_VERSION = 5.0;
				TARGETED_DEVICE_FAMILY = 1;
			};
			name = Release;
		};
/* End XCBuildConfiguration section */

/* Begin XCConfigurationList section */
		823AE7422CCA3D4D00754161 /* Build configuration list for PBXProject "TransportSchedule" */ = {
			isa = XCConfigurationList;
			buildConfigurations = (
				823AE7592CCA3D5000754161 /* Debug */,
				823AE75A2CCA3D5000754161 /* Release */,
			);
			defaultConfigurationIsVisible = 0;
			defaultConfigurationName = Release;
		};
		823AE75B2CCA3D5000754161 /* Build configuration list for PBXNativeTarget "TransportSchedule" */ = {
			isa = XCConfigurationList;
			buildConfigurations = (
				823AE75C2CCA3D5000754161 /* Debug */,
				823AE75D2CCA3D5000754161 /* Release */,
			);
			defaultConfigurationIsVisible = 0;
			defaultConfigurationName = Release;
		};
/* End XCConfigurationList section */
	};
	rootObject = 823AE73F2CCA3D4D00754161 /* Project object */;
}
